// !$*UTF8*$!
{
	archiveVersion = 1;
	classes = {
	};
	objectVersion = 48;
	objects = {

/* Begin PBXBuildFile section */
		5B5D3A35067BB15365B8A39E /* Pods_Pearing_Up.framework in Frameworks */ = {isa = PBXBuildFile; fileRef = 80891CEF7889EB75F0E2F1FD /* Pods_Pearing_Up.framework */; };
		9164945C20E7507C00F5467D /* SignUpInfoController.swift in Sources */ = {isa = PBXBuildFile; fileRef = 9164945B20E7507C00F5467D /* SignUpInfoController.swift */; };
		9164948820E7C8F700F5467D /* SavedPostsViewController.swift in Sources */ = {isa = PBXBuildFile; fileRef = 9164948720E7C8F700F5467D /* SavedPostsViewController.swift */; };
		9164948A20E7C9A900F5467D /* SavedPostsCell.swift in Sources */ = {isa = PBXBuildFile; fileRef = 9164948920E7C9A900F5467D /* SavedPostsCell.swift */; };
		9164948C20E7CEF000F5467D /* CollectionViewCell.swift in Sources */ = {isa = PBXBuildFile; fileRef = 9164948B20E7CEF000F5467D /* CollectionViewCell.swift */; };
		916EA22320D7B6D900C1085D /* LoginViewController.swift in Sources */ = {isa = PBXBuildFile; fileRef = 916EA22220D7B6D900C1085D /* LoginViewController.swift */; };
		916EA22520D7B71300C1085D /* SignUpViewController.swift in Sources */ = {isa = PBXBuildFile; fileRef = 916EA22420D7B71300C1085D /* SignUpViewController.swift */; };
		916EA22720D7B75100C1085D /* ProfileViewController.swift in Sources */ = {isa = PBXBuildFile; fileRef = 916EA22620D7B75100C1085D /* ProfileViewController.swift */; };
		91E774DA20D638740030121E /* AppDelegate.swift in Sources */ = {isa = PBXBuildFile; fileRef = 91E774D920D638740030121E /* AppDelegate.swift */; };
		91E774DC20D638740030121E /* ViewController.swift in Sources */ = {isa = PBXBuildFile; fileRef = 91E774DB20D638740030121E /* ViewController.swift */; };
		91E774DF20D638740030121E /* Main.storyboard in Resources */ = {isa = PBXBuildFile; fileRef = 91E774DD20D638740030121E /* Main.storyboard */; };
		91E774E120D638740030121E /* Assets.xcassets in Resources */ = {isa = PBXBuildFile; fileRef = 91E774E020D638740030121E /* Assets.xcassets */; };
		91E774E420D638740030121E /* LaunchScreen.storyboard in Resources */ = {isa = PBXBuildFile; fileRef = 91E774E220D638740030121E /* LaunchScreen.storyboard */; };
/* End PBXBuildFile section */

/* Begin PBXFileReference section */
		62A4F78399698EE9745AD9A0 /* Pods-Pearing_Up.release.xcconfig */ = {isa = PBXFileReference; includeInIndex = 1; lastKnownFileType = text.xcconfig; name = "Pods-Pearing_Up.release.xcconfig"; path = "Pods/Target Support Files/Pods-Pearing_Up/Pods-Pearing_Up.release.xcconfig"; sourceTree = "<group>"; };
		80891CEF7889EB75F0E2F1FD /* Pods_Pearing_Up.framework */ = {isa = PBXFileReference; explicitFileType = wrapper.framework; includeInIndex = 0; path = Pods_Pearing_Up.framework; sourceTree = BUILT_PRODUCTS_DIR; };
		9164945B20E7507C00F5467D /* SignUpInfoController.swift */ = {isa = PBXFileReference; lastKnownFileType = sourcecode.swift; path = SignUpInfoController.swift; sourceTree = "<group>"; };
		9164948720E7C8F700F5467D /* SavedPostsViewController.swift */ = {isa = PBXFileReference; lastKnownFileType = sourcecode.swift; path = SavedPostsViewController.swift; sourceTree = "<group>"; };
		9164948920E7C9A900F5467D /* SavedPostsCell.swift */ = {isa = PBXFileReference; lastKnownFileType = sourcecode.swift; path = SavedPostsCell.swift; sourceTree = "<group>"; };
		9164948B20E7CEF000F5467D /* CollectionViewCell.swift */ = {isa = PBXFileReference; lastKnownFileType = sourcecode.swift; path = CollectionViewCell.swift; sourceTree = "<group>"; };
		916EA22220D7B6D900C1085D /* LoginViewController.swift */ = {isa = PBXFileReference; lastKnownFileType = sourcecode.swift; path = LoginViewController.swift; sourceTree = "<group>"; };
		916EA22420D7B71300C1085D /* SignUpViewController.swift */ = {isa = PBXFileReference; lastKnownFileType = sourcecode.swift; path = SignUpViewController.swift; sourceTree = "<group>"; };
		916EA22620D7B75100C1085D /* ProfileViewController.swift */ = {isa = PBXFileReference; lastKnownFileType = sourcecode.swift; path = ProfileViewController.swift; sourceTree = "<group>"; };
		91E774D620D638740030121E /* Pearing_Up.app */ = {isa = PBXFileReference; explicitFileType = wrapper.application; includeInIndex = 0; path = Pearing_Up.app; sourceTree = BUILT_PRODUCTS_DIR; };
		91E774D920D638740030121E /* AppDelegate.swift */ = {isa = PBXFileReference; lastKnownFileType = sourcecode.swift; path = AppDelegate.swift; sourceTree = "<group>"; };
		91E774DB20D638740030121E /* ViewController.swift */ = {isa = PBXFileReference; lastKnownFileType = sourcecode.swift; path = ViewController.swift; sourceTree = "<group>"; };
		91E774DE20D638740030121E /* Base */ = {isa = PBXFileReference; lastKnownFileType = file.storyboard; name = Base; path = Base.lproj/Main.storyboard; sourceTree = "<group>"; };
		91E774E020D638740030121E /* Assets.xcassets */ = {isa = PBXFileReference; lastKnownFileType = folder.assetcatalog; path = Assets.xcassets; sourceTree = "<group>"; };
		91E774E320D638740030121E /* Base */ = {isa = PBXFileReference; lastKnownFileType = file.storyboard; name = Base; path = Base.lproj/LaunchScreen.storyboard; sourceTree = "<group>"; };
		91E774E520D638740030121E /* Info.plist */ = {isa = PBXFileReference; lastKnownFileType = text.plist.xml; path = Info.plist; sourceTree = "<group>"; };
		ACBE827427E60BA5ED6A8E60 /* Pods-Pearing_Up.debug.xcconfig */ = {isa = PBXFileReference; includeInIndex = 1; lastKnownFileType = text.xcconfig; name = "Pods-Pearing_Up.debug.xcconfig"; path = "Pods/Target Support Files/Pods-Pearing_Up/Pods-Pearing_Up.debug.xcconfig"; sourceTree = "<group>"; };
/* End PBXFileReference section */

/* Begin PBXFrameworksBuildPhase section */
		91E774D320D638740030121E /* Frameworks */ = {
			isa = PBXFrameworksBuildPhase;
			buildActionMask = 2147483647;
			files = (
				5B5D3A35067BB15365B8A39E /* Pods_Pearing_Up.framework in Frameworks */,
			);
			runOnlyForDeploymentPostprocessing = 0;
		};
/* End PBXFrameworksBuildPhase section */

/* Begin PBXGroup section */
		8C16309FC7909EF1A5A0DEA0 /* Frameworks */ = {
			isa = PBXGroup;
			children = (
				80891CEF7889EB75F0E2F1FD /* Pods_Pearing_Up.framework */,
			);
			name = Frameworks;
			sourceTree = "<group>";
		};
		91E774CD20D638740030121E = {
			isa = PBXGroup;
			children = (
				91E774D820D638740030121E /* Pearing_Up */,
				91E774D720D638740030121E /* Products */,
				AC602C4E8558625DF94156B8 /* Pods */,
				8C16309FC7909EF1A5A0DEA0 /* Frameworks */,
			);
			sourceTree = "<group>";
		};
		91E774D720D638740030121E /* Products */ = {
			isa = PBXGroup;
			children = (
				91E774D620D638740030121E /* Pearing_Up.app */,
			);
			name = Products;
			sourceTree = "<group>";
		};
		91E774D820D638740030121E /* Pearing_Up */ = {
			isa = PBXGroup;
			children = (
				91E774D920D638740030121E /* AppDelegate.swift */,
				91E774DB20D638740030121E /* ViewController.swift */,
				9164948720E7C8F700F5467D /* SavedPostsViewController.swift */,
				9164948B20E7CEF000F5467D /* CollectionViewCell.swift */,
				9164948920E7C9A900F5467D /* SavedPostsCell.swift */,
				9164945B20E7507C00F5467D /* SignUpInfoController.swift */,
				91E774DD20D638740030121E /* Main.storyboard */,
				916EA22620D7B75100C1085D /* ProfileViewController.swift */,
				916EA22420D7B71300C1085D /* SignUpViewController.swift */,
				916EA22220D7B6D900C1085D /* LoginViewController.swift */,
				91E774E020D638740030121E /* Assets.xcassets */,
				91E774E220D638740030121E /* LaunchScreen.storyboard */,
				91E774E520D638740030121E /* Info.plist */,
			);
			path = Pearing_Up;
			sourceTree = "<group>";
		};
		AC602C4E8558625DF94156B8 /* Pods */ = {
			isa = PBXGroup;
			children = (
				ACBE827427E60BA5ED6A8E60 /* Pods-Pearing_Up.debug.xcconfig */,
				62A4F78399698EE9745AD9A0 /* Pods-Pearing_Up.release.xcconfig */,
			);
			name = Pods;
			sourceTree = "<group>";
		};
/* End PBXGroup section */

/* Begin PBXNativeTarget section */
		91E774D520D638740030121E /* Pearing_Up */ = {
			isa = PBXNativeTarget;
			buildConfigurationList = 91E774E820D638740030121E /* Build configuration list for PBXNativeTarget "Pearing_Up" */;
			buildPhases = (
				6D46C2DF4B74FFE60C8E27A8 /* [CP] Check Pods Manifest.lock */,
				91E774D220D638740030121E /* Sources */,
				91E774D320D638740030121E /* Frameworks */,
				91E774D420D638740030121E /* Resources */,
				F85D62E3055DD469BE18E606 /* [CP] Embed Pods Frameworks */,
			);
			buildRules = (
			);
			dependencies = (
			);
			name = Pearing_Up;
			productName = Pearing_Up;
			productReference = 91E774D620D638740030121E /* Pearing_Up.app */;
			productType = "com.apple.product-type.application";
		};
/* End PBXNativeTarget section */

/* Begin PBXProject section */
		91E774CE20D638740030121E /* Project object */ = {
			isa = PBXProject;
			attributes = {
				LastSwiftUpdateCheck = 0920;
				LastUpgradeCheck = 0920;
				ORGANIZATIONNAME = "Manan Maniyar";
				TargetAttributes = {
					91E774D520D638740030121E = {
						CreatedOnToolsVersion = 9.2;
						ProvisioningStyle = Automatic;
					};
				};
			};
			buildConfigurationList = 91E774D120D638740030121E /* Build configuration list for PBXProject "Pearing_Up" */;
			compatibilityVersion = "Xcode 8.0";
			developmentRegion = en;
			hasScannedForEncodings = 0;
			knownRegions = (
				en,
				Base,
			);
			mainGroup = 91E774CD20D638740030121E;
			productRefGroup = 91E774D720D638740030121E /* Products */;
			projectDirPath = "";
			projectRoot = "";
			targets = (
				91E774D520D638740030121E /* Pearing_Up */,
			);
		};
/* End PBXProject section */

/* Begin PBXResourcesBuildPhase section */
		91E774D420D638740030121E /* Resources */ = {
			isa = PBXResourcesBuildPhase;
			buildActionMask = 2147483647;
			files = (
				91E774E420D638740030121E /* LaunchScreen.storyboard in Resources */,
				91E774E120D638740030121E /* Assets.xcassets in Resources */,
				91E774DF20D638740030121E /* Main.storyboard in Resources */,
			);
			runOnlyForDeploymentPostprocessing = 0;
		};
/* End PBXResourcesBuildPhase section */

/* Begin PBXShellScriptBuildPhase section */
		6D46C2DF4B74FFE60C8E27A8 /* [CP] Check Pods Manifest.lock */ = {
			isa = PBXShellScriptBuildPhase;
			buildActionMask = 2147483647;
			files = (
			);
			inputPaths = (
				"${PODS_PODFILE_DIR_PATH}/Podfile.lock",
				"${PODS_ROOT}/Manifest.lock",
			);
			name = "[CP] Check Pods Manifest.lock";
			outputPaths = (
				"$(DERIVED_FILE_DIR)/Pods-Pearing_Up-checkManifestLockResult.txt",
			);
			runOnlyForDeploymentPostprocessing = 0;
			shellPath = /bin/sh;
			shellScript = "diff \"${PODS_PODFILE_DIR_PATH}/Podfile.lock\" \"${PODS_ROOT}/Manifest.lock\" > /dev/null\nif [ $? != 0 ] ; then\n    # print error to STDERR\n    echo \"error: The sandbox is not in sync with the Podfile.lock. Run 'pod install' or update your CocoaPods installation.\" >&2\n    exit 1\nfi\n# This output is used by Xcode 'outputs' to avoid re-running this script phase.\necho \"SUCCESS\" > \"${SCRIPT_OUTPUT_FILE_0}\"\n";
			showEnvVarsInLog = 0;
		};
		F85D62E3055DD469BE18E606 /* [CP] Embed Pods Frameworks */ = {
			isa = PBXShellScriptBuildPhase;
			buildActionMask = 2147483647;
			files = (
			);
			inputPaths = (
				"${SRCROOT}/Pods/Target Support Files/Pods-Pearing_Up/Pods-Pearing_Up-frameworks.sh",
				"${BUILT_PRODUCTS_DIR}/Alamofire/Alamofire.framework",
				"${BUILT_PRODUCTS_DIR}/SVProgressHUD/SVProgressHUD.framework",
				"${BUILT_PRODUCTS_DIR}/SwiftyJSON/SwiftyJSON.framework",
			);
			name = "[CP] Embed Pods Frameworks";
			outputPaths = (
				"${TARGET_BUILD_DIR}/${FRAMEWORKS_FOLDER_PATH}/Alamofire.framework",
				"${TARGET_BUILD_DIR}/${FRAMEWORKS_FOLDER_PATH}/SVProgressHUD.framework",
				"${TARGET_BUILD_DIR}/${FRAMEWORKS_FOLDER_PATH}/SwiftyJSON.framework",
			);
			runOnlyForDeploymentPostprocessing = 0;
			shellPath = /bin/sh;
			shellScript = "\"${SRCROOT}/Pods/Target Support Files/Pods-Pearing_Up/Pods-Pearing_Up-frameworks.sh\"\n";
			showEnvVarsInLog = 0;
		};
/* End PBXShellScriptBuildPhase section */

/* Begin PBXSourcesBuildPhase section */
		91E774D220D638740030121E /* Sources */ = {
			isa = PBXSourcesBuildPhase;
			buildActionMask = 2147483647;
			files = (
				916EA22320D7B6D900C1085D /* LoginViewController.swift in Sources */,
				9164948820E7C8F700F5467D /* SavedPostsViewController.swift in Sources */,
				9164948C20E7CEF000F5467D /* CollectionViewCell.swift in Sources */,
				91E774DC20D638740030121E /* ViewController.swift in Sources */,
				9164948A20E7C9A900F5467D /* SavedPostsCell.swift in Sources */,
				916EA22720D7B75100C1085D /* ProfileViewController.swift in Sources */,
				916EA22520D7B71300C1085D /* SignUpViewController.swift in Sources */,
				91E774DA20D638740030121E /* AppDelegate.swift in Sources */,
				9164945C20E7507C00F5467D /* SignUpInfoController.swift in Sources */,
			);
			runOnlyForDeploymentPostprocessing = 0;
		};
/* End PBXSourcesBuildPhase section */

/* Begin PBXVariantGroup section */
		91E774DD20D638740030121E /* Main.storyboard */ = {
			isa = PBXVariantGroup;
			children = (
				91E774DE20D638740030121E /* Base */,
			);
			name = Main.storyboard;
			sourceTree = "<group>";
		};
		91E774E220D638740030121E /* LaunchScreen.storyboard */ = {
			isa = PBXVariantGroup;
			children = (
				91E774E320D638740030121E /* Base */,
			);
			name = LaunchScreen.storyboard;
			sourceTree = "<group>";
		};
/* End PBXVariantGroup section */

/* Begin XCBuildConfiguration section */
		91E774E620D638740030121E /* Debug */ = {
			isa = XCBuildConfiguration;
			buildSettings = {
				ALWAYS_SEARCH_USER_PATHS = NO;
				CLANG_ANALYZER_NONNULL = YES;
				CLANG_ANALYZER_NUMBER_OBJECT_CONVERSION = YES_AGGRESSIVE;
				CLANG_CXX_LANGUAGE_STANDARD = "gnu++14";
				CLANG_CXX_LIBRARY = "libc++";
				CLANG_ENABLE_MODULES = YES;
				CLANG_ENABLE_OBJC_ARC = YES;
				CLANG_WARN_BLOCK_CAPTURE_AUTORELEASING = YES;
				CLANG_WARN_BOOL_CONVERSION = YES;
				CLANG_WARN_COMMA = YES;
				CLANG_WARN_CONSTANT_CONVERSION = YES;
				CLANG_WARN_DIRECT_OBJC_ISA_USAGE = YES_ERROR;
				CLANG_WARN_DOCUMENTATION_COMMENTS = YES;
				CLANG_WARN_EMPTY_BODY = YES;
				CLANG_WARN_ENUM_CONVERSION = YES;
				CLANG_WARN_INFINITE_RECURSION = YES;
				CLANG_WARN_INT_CONVERSION = YES;
				CLANG_WARN_NON_LITERAL_NULL_CONVERSION = YES;
				CLANG_WARN_OBJC_LITERAL_CONVERSION = YES;
				CLANG_WARN_OBJC_ROOT_CLASS = YES_ERROR;
				CLANG_WARN_RANGE_LOOP_ANALYSIS = YES;
				CLANG_WARN_STRICT_PROTOTYPES = YES;
				CLANG_WARN_SUSPICIOUS_MOVE = YES;
				CLANG_WARN_UNGUARDED_AVAILABILITY = YES_AGGRESSIVE;
				CLANG_WARN_UNREACHABLE_CODE = YES;
				CLANG_WARN__DUPLICATE_METHOD_MATCH = YES;
				CODE_SIGN_IDENTITY = "iPhone Developer";
				COPY_PHASE_STRIP = NO;
				DEBUG_INFORMATION_FORMAT = dwarf;
				ENABLE_STRICT_OBJC_MSGSEND = YES;
				ENABLE_TESTABILITY = YES;
				GCC_C_LANGUAGE_STANDARD = gnu11;
				GCC_DYNAMIC_NO_PIC = NO;
				GCC_NO_COMMON_BLOCKS = YES;
				GCC_OPTIMIZATION_LEVEL = 0;
				GCC_PREPROCESSOR_DEFINITIONS = (
					"DEBUG=1",
					"$(inherited)",
				);
				GCC_WARN_64_TO_32_BIT_CONVERSION = YES;
				GCC_WARN_ABOUT_RETURN_TYPE = YES_ERROR;
				GCC_WARN_UNDECLARED_SELECTOR = YES;
				GCC_WARN_UNINITIALIZED_AUTOS = YES_AGGRESSIVE;
				GCC_WARN_UNUSED_FUNCTION = YES;
				GCC_WARN_UNUSED_VARIABLE = YES;
				IPHONEOS_DEPLOYMENT_TARGET = 11.2;
				MTL_ENABLE_DEBUG_INFO = YES;
				ONLY_ACTIVE_ARCH = YES;
				SDKROOT = iphoneos;
				SWIFT_ACTIVE_COMPILATION_CONDITIONS = DEBUG;
				SWIFT_OPTIMIZATION_LEVEL = "-Onone";
			};
			name = Debug;
		};
		91E774E720D638740030121E /* Release */ = {
			isa = XCBuildConfiguration;
			buildSettings = {
				ALWAYS_SEARCH_USER_PATHS = NO;
				CLANG_ANALYZER_NONNULL = YES;
				CLANG_ANALYZER_NUMBER_OBJECT_CONVERSION = YES_AGGRESSIVE;
				CLANG_CXX_LANGUAGE_STANDARD = "gnu++14";
				CLANG_CXX_LIBRARY = "libc++";
				CLANG_ENABLE_MODULES = YES;
				CLANG_ENABLE_OBJC_ARC = YES;
				CLANG_WARN_BLOCK_CAPTURE_AUTORELEASING = YES;
				CLANG_WARN_BOOL_CONVERSION = YES;
				CLANG_WARN_COMMA = YES;
				CLANG_WARN_CONSTANT_CONVERSION = YES;
				CLANG_WARN_DIRECT_OBJC_ISA_USAGE = YES_ERROR;
				CLANG_WARN_DOCUMENTATION_COMMENTS = YES;
				CLANG_WARN_EMPTY_BODY = YES;
				CLANG_WARN_ENUM_CONVERSION = YES;
				CLANG_WARN_INFINITE_RECURSION = YES;
				CLANG_WARN_INT_CONVERSION = YES;
				CLANG_WARN_NON_LITERAL_NULL_CONVERSION = YES;
				CLANG_WARN_OBJC_LITERAL_CONVERSION = YES;
				CLANG_WARN_OBJC_ROOT_CLASS = YES_ERROR;
				CLANG_WARN_RANGE_LOOP_ANALYSIS = YES;
				CLANG_WARN_STRICT_PROTOTYPES = YES;
				CLANG_WARN_SUSPICIOUS_MOVE = YES;
				CLANG_WARN_UNGUARDED_AVAILABILITY = YES_AGGRESSIVE;
				CLANG_WARN_UNREACHABLE_CODE = YES;
				CLANG_WARN__DUPLICATE_METHOD_MATCH = YES;
				CODE_SIGN_IDENTITY = "iPhone Developer";
				COPY_PHASE_STRIP = NO;
				DEBUG_INFORMATION_FORMAT = "dwarf-with-dsym";
				ENABLE_NS_ASSERTIONS = NO;
				ENABLE_STRICT_OBJC_MSGSEND = YES;
				GCC_C_LANGUAGE_STANDARD = gnu11;
				GCC_NO_COMMON_BLOCKS = YES;
				GCC_WARN_64_TO_32_BIT_CONVERSION = YES;
				GCC_WARN_ABOUT_RETURN_TYPE = YES_ERROR;
				GCC_WARN_UNDECLARED_SELECTOR = YES;
				GCC_WARN_UNINITIALIZED_AUTOS = YES_AGGRESSIVE;
				GCC_WARN_UNUSED_FUNCTION = YES;
				GCC_WARN_UNUSED_VARIABLE = YES;
				IPHONEOS_DEPLOYMENT_TARGET = 11.2;
				MTL_ENABLE_DEBUG_INFO = NO;
				SDKROOT = iphoneos;
				SWIFT_OPTIMIZATION_LEVEL = "-Owholemodule";
				VALIDATE_PRODUCT = YES;
			};
			name = Release;
		};
		91E774E920D638740030121E /* Debug */ = {
			isa = XCBuildConfiguration;
			baseConfigurationReference = ACBE827427E60BA5ED6A8E60 /* Pods-Pearing_Up.debug.xcconfig */;
			buildSettings = {
				ASSETCATALOG_COMPILER_APPICON_NAME = AppIcon;
				CODE_SIGN_STYLE = Automatic;
				DEVELOPMENT_TEAM = 2DTKK692H8;
				INFOPLIST_FILE = Pearing_Up/Info.plist;
				LD_RUNPATH_SEARCH_PATHS = "$(inherited) @executable_path/Frameworks";
				PRODUCT_BUNDLE_IDENTIFIER = "manan-CMPT276.Pearing-Up";
				PRODUCT_NAME = "$(TARGET_NAME)";
				SWIFT_VERSION = 4.0;
				TARGETED_DEVICE_FAMILY = "1,2";
			};
			name = Debug;
		};
		91E774EA20D638740030121E /* Release */ = {
			isa = XCBuildConfiguration;
			baseConfigurationReference = 62A4F78399698EE9745AD9A0 /* Pods-Pearing_Up.release.xcconfig */;
			buildSettings = {
				ASSETCATALOG_COMPILER_APPICON_NAME = AppIcon;
				CODE_SIGN_STYLE = Automatic;
				DEVELOPMENT_TEAM = 2DTKK692H8;
				INFOPLIST_FILE = Pearing_Up/Info.plist;
				LD_RUNPATH_SEARCH_PATHS = "$(inherited) @executable_path/Frameworks";
				PRODUCT_BUNDLE_IDENTIFIER = "manan-CMPT276.Pearing-Up";
				PRODUCT_NAME = "$(TARGET_NAME)";
				SWIFT_VERSION = 4.0;
				TARGETED_DEVICE_FAMILY = "1,2";
			};
			name = Release;
		};
/* End XCBuildConfiguration section */

/* Begin XCConfigurationList section */
		91E774D120D638740030121E /* Build configuration list for PBXProject "Pearing_Up" */ = {
			isa = XCConfigurationList;
			buildConfigurations = (
				91E774E620D638740030121E /* Debug */,
				91E774E720D638740030121E /* Release */,
			);
			defaultConfigurationIsVisible = 0;
			defaultConfigurationName = Release;
		};
		91E774E820D638740030121E /* Build configuration list for PBXNativeTarget "Pearing_Up" */ = {
			isa = XCConfigurationList;
			buildConfigurations = (
				91E774E920D638740030121E /* Debug */,
				91E774EA20D638740030121E /* Release */,
			);
			defaultConfigurationIsVisible = 0;
			defaultConfigurationName = Release;
		};
/* End XCConfigurationList section */
	};
	rootObject = 91E774CE20D638740030121E /* Project object */;
}
